
Microsoft Visual Studio Solution File, Format Version 10.00
# Visual Studio 2008
Project("{FAE04EC0-301F-11D3-BF4B-00C04F79EFBC}") = "HalfManager", "HalfManager\HalfManager.csproj", "{38751DEE-384A-4082-8238-CE79D779B99B}"
EndProject
Global
	GlobalSection(SolutionConfigurationPlatforms) = preSolution
		Debug|Any CPU = Debug|Any CPU
		Release|Any CPU = Release|Any CPU
	EndGlobalSection
	GlobalSection(ProjectConfigurationPlatforms) = postSolution
		{38751DEE-384A-4082-8238-CE79D779B99B}.Debug|Any CPU.ActiveCfg = Debug|Any CPU
		{38751DEE-384A-4082-8238-CE79D779B99B}.Debug|Any CPU.Build.0 = Debug|Any CPU
		{38751DEE-384A-4082-8238-CE79D779B99B}.Release|Any CPU.ActiveCfg = Release|Any CPU
		{38751DEE-384A-4082-8238-CE79D779B99B}.Release|Any CPU.Build.0 = Release|Any CPU
	EndGlobalSection
	GlobalSection(SolutionProperties) = preSolution
		HideSolutionNode = FALSE
	EndGlobalSection
EndGlobal
