
Microsoft Visual Studio Solution File, Format Version 10.00
# Visual Studio 2008
Project("{FAE04EC0-301F-11D3-BF4B-00C04F79EFBC}") = "EmailProfs2", "EmailProfs\EmailProfs2.csproj", "{7DCA2BFC-436A-49EE-B2E6-6C430AD278DC}"
EndProject
Project("{54435603-DBB4-11D2-8724-00A0C9A8B90C}") = "Setup1", "Setup1\Setup1.vdproj", "{809BCAAE-25DF-4DA6-9D94-C0D470F3D955}"
EndProject
Global
	GlobalSection(SolutionConfigurationPlatforms) = preSolution
		Debug|Any CPU = Debug|Any CPU
		Release|Any CPU = Release|Any CPU
	EndGlobalSection
	GlobalSection(ProjectConfigurationPlatforms) = postSolution
		{7DCA2BFC-436A-49EE-B2E6-6C430AD278DC}.Debug|Any CPU.ActiveCfg = Debug|Any CPU
		{7DCA2BFC-436A-49EE-B2E6-6C430AD278DC}.Debug|Any CPU.Build.0 = Debug|Any CPU
		{7DCA2BFC-436A-49EE-B2E6-6C430AD278DC}.Release|Any CPU.ActiveCfg = Release|Any CPU
		{7DCA2BFC-436A-49EE-B2E6-6C430AD278DC}.Release|Any CPU.Build.0 = Release|Any CPU
		{809BCAAE-25DF-4DA6-9D94-C0D470F3D955}.Debug|Any CPU.ActiveCfg = Debug
		{809BCAAE-25DF-4DA6-9D94-C0D470F3D955}.Release|Any CPU.ActiveCfg = Release
	EndGlobalSection
	GlobalSection(SolutionProperties) = preSolution
		HideSolutionNode = FALSE
	EndGlobalSection
EndGlobal
