
Microsoft Visual Studio Solution File, Format Version 10.00
# Visual Studio 2008
Project("{FAE04EC0-301F-11D3-BF4B-00C04F79EFBC}") = "RentalReminder", "RentalReminder\RentalReminder.csproj", "{1B24662C-3588-44E0-862A-8CB9E7E2AAB7}"
EndProject
Global
	GlobalSection(SolutionConfigurationPlatforms) = preSolution
		Debug|Any CPU = Debug|Any CPU
		Release|Any CPU = Release|Any CPU
	EndGlobalSection
	GlobalSection(ProjectConfigurationPlatforms) = postSolution
		{1B24662C-3588-44E0-862A-8CB9E7E2AAB7}.Debug|Any CPU.ActiveCfg = Debug|Any CPU
		{1B24662C-3588-44E0-862A-8CB9E7E2AAB7}.Debug|Any CPU.Build.0 = Debug|Any CPU
		{1B24662C-3588-44E0-862A-8CB9E7E2AAB7}.Release|Any CPU.ActiveCfg = Release|Any CPU
		{1B24662C-3588-44E0-862A-8CB9E7E2AAB7}.Release|Any CPU.Build.0 = Release|Any CPU
	EndGlobalSection
	GlobalSection(SolutionProperties) = preSolution
		HideSolutionNode = FALSE
	EndGlobalSection
EndGlobal
