
Microsoft Visual Studio Solution File, Format Version 10.00
# Visual Studio 2008
Project("{FAE04EC0-301F-11D3-BF4B-00C04F79EFBC}") = "TextAltPos2", "TextAltPos2\TextAltPos2.csproj", "{CC11E3C0-97EA-4F54-8119-5278D589E2AA}"
EndProject
Project("{54435603-DBB4-11D2-8724-00A0C9A8B90C}") = "TextAltPos2Install", "TextAltPos2Install\TextAltPos2Install.vdproj", "{55E8CAA7-40AF-4AC7-BAED-8BC945944DD8}"
EndProject
Global
	GlobalSection(SolutionConfigurationPlatforms) = preSolution
		Debug|Any CPU = Debug|Any CPU
		Release|Any CPU = Release|Any CPU
	EndGlobalSection
	GlobalSection(ProjectConfigurationPlatforms) = postSolution
		{CC11E3C0-97EA-4F54-8119-5278D589E2AA}.Debug|Any CPU.ActiveCfg = Debug|Any CPU
		{CC11E3C0-97EA-4F54-8119-5278D589E2AA}.Debug|Any CPU.Build.0 = Debug|Any CPU
		{CC11E3C0-97EA-4F54-8119-5278D589E2AA}.Release|Any CPU.ActiveCfg = Release|Any CPU
		{CC11E3C0-97EA-4F54-8119-5278D589E2AA}.Release|Any CPU.Build.0 = Release|Any CPU
		{55E8CAA7-40AF-4AC7-BAED-8BC945944DD8}.Debug|Any CPU.ActiveCfg = Debug
		{55E8CAA7-40AF-4AC7-BAED-8BC945944DD8}.Release|Any CPU.ActiveCfg = Release
	EndGlobalSection
	GlobalSection(SolutionProperties) = preSolution
		HideSolutionNode = FALSE
	EndGlobalSection
EndGlobal
