
Microsoft Visual Studio Solution File, Format Version 10.00
# Visual Studio 2008
Project("{FAE04EC0-301F-11D3-BF4B-00C04F79EFBC}") = "LoadProfEmails", "LoadProfEmails\LoadProfEmails.csproj", "{B54E9DA7-F1E2-4048-8150-B6E7B54B8A67}"
EndProject
Global
	GlobalSection(SolutionConfigurationPlatforms) = preSolution
		Debug|Any CPU = Debug|Any CPU
		Release|Any CPU = Release|Any CPU
	EndGlobalSection
	GlobalSection(ProjectConfigurationPlatforms) = postSolution
		{B54E9DA7-F1E2-4048-8150-B6E7B54B8A67}.Debug|Any CPU.ActiveCfg = Debug|Any CPU
		{B54E9DA7-F1E2-4048-8150-B6E7B54B8A67}.Debug|Any CPU.Build.0 = Debug|Any CPU
		{B54E9DA7-F1E2-4048-8150-B6E7B54B8A67}.Release|Any CPU.ActiveCfg = Release|Any CPU
		{B54E9DA7-F1E2-4048-8150-B6E7B54B8A67}.Release|Any CPU.Build.0 = Release|Any CPU
	EndGlobalSection
	GlobalSection(SolutionProperties) = preSolution
		HideSolutionNode = FALSE
	EndGlobalSection
EndGlobal
