
Microsoft Visual Studio Solution File, Format Version 10.00
# Visual Studio 2008
Project("{FAE04EC0-301F-11D3-BF4B-00C04F79EFBC}") = "Downloader", "Downloader\Downloader.csproj", "{C2DF0BE3-A430-43E6-9545-74F08AAED1EE}"
EndProject
Project("{2150E333-8FDC-42A3-9474-1A3956D46DE8}") = "NewFolder1", "NewFolder1", "{BEB57605-8563-4EE1-BAA7-12F2E0E40C31}"
EndProject
Project("{54435603-DBB4-11D2-8724-00A0C9A8B90C}") = "InstallNewDownloader", "InstallNewDownloader\InstallNewDownloader.vdproj", "{E2579C0D-6F08-4D4C-8675-3FBC3C945140}"
EndProject
Global
	GlobalSection(SolutionConfigurationPlatforms) = preSolution
		Debug|Any CPU = Debug|Any CPU
		Release|Any CPU = Release|Any CPU
	EndGlobalSection
	GlobalSection(ProjectConfigurationPlatforms) = postSolution
		{C2DF0BE3-A430-43E6-9545-74F08AAED1EE}.Debug|Any CPU.ActiveCfg = Debug|Any CPU
		{C2DF0BE3-A430-43E6-9545-74F08AAED1EE}.Debug|Any CPU.Build.0 = Debug|Any CPU
		{C2DF0BE3-A430-43E6-9545-74F08AAED1EE}.Release|Any CPU.ActiveCfg = Release|Any CPU
		{C2DF0BE3-A430-43E6-9545-74F08AAED1EE}.Release|Any CPU.Build.0 = Release|Any CPU
		{E2579C0D-6F08-4D4C-8675-3FBC3C945140}.Debug|Any CPU.ActiveCfg = Debug
		{E2579C0D-6F08-4D4C-8675-3FBC3C945140}.Release|Any CPU.ActiveCfg = Release
	EndGlobalSection
	GlobalSection(SolutionProperties) = preSolution
		HideSolutionNode = FALSE
	EndGlobalSection
EndGlobal
