
Microsoft Visual Studio Solution File, Format Version 10.00
# Visual Studio 2008
Project("{FAE04EC0-301F-11D3-BF4B-00C04F79EFBC}") = "SoutheasternImport", "SoutheasternImport\SoutheasternImport.csproj", "{24A2BADD-BCB1-4F97-93D3-B06DB847FFC0}"
EndProject
Project("{54435603-DBB4-11D2-8724-00A0C9A8B90C}") = "SoutheasternImportInstaller", "SoutheasternImportInstaller\SoutheasternImportInstaller.vdproj", "{AAB9EF18-65B1-4247-9232-3726C8860BC6}"
EndProject
Global
	GlobalSection(SolutionConfigurationPlatforms) = preSolution
		Debug|Any CPU = Debug|Any CPU
		Release|Any CPU = Release|Any CPU
	EndGlobalSection
	GlobalSection(ProjectConfigurationPlatforms) = postSolution
		{24A2BADD-BCB1-4F97-93D3-B06DB847FFC0}.Debug|Any CPU.ActiveCfg = Debug|Any CPU
		{24A2BADD-BCB1-4F97-93D3-B06DB847FFC0}.Debug|Any CPU.Build.0 = Debug|Any CPU
		{24A2BADD-BCB1-4F97-93D3-B06DB847FFC0}.Release|Any CPU.ActiveCfg = Release|Any CPU
		{24A2BADD-BCB1-4F97-93D3-B06DB847FFC0}.Release|Any CPU.Build.0 = Release|Any CPU
		{AAB9EF18-65B1-4247-9232-3726C8860BC6}.Debug|Any CPU.ActiveCfg = Debug
		{AAB9EF18-65B1-4247-9232-3726C8860BC6}.Release|Any CPU.ActiveCfg = Release
	EndGlobalSection
	GlobalSection(SolutionProperties) = preSolution
		HideSolutionNode = FALSE
	EndGlobalSection
EndGlobal
